// !$*UTF8*$!
{
	archiveVersion = 1;
	classes = {
	};
	objectVersion = 56;
	objects = {

/* Begin PBXBuildFile section */
		5A0D812D2C9B0F5100080F48 /* GoogleService-Info.plist in Resources */ = {isa = PBXBuildFile; fileRef = 5A0D812C2C9B0F5100080F48 /* GoogleService-Info.plist */; };
		5A12C55F2C9AEDD400FAF918 /* HomeView.swift in Sources */ = {isa = PBXBuildFile; fileRef = 5A12C55E2C9AEDD400FAF918 /* HomeView.swift */; };
		5A2C9BFF2C9C33E300CB68DA /* MealViewModel.swift in Sources */ = {isa = PBXBuildFile; fileRef = 5A2C9BFE2C9C33E300CB68DA /* MealViewModel.swift */; };
		5A2C9C032C9C354C00CB68DA /* MealDetailView.swift in Sources */ = {isa = PBXBuildFile; fileRef = 5A2C9C022C9C354C00CB68DA /* MealDetailView.swift */; };
		5A4BF0A72CD894B300454EC3 /* BackgroundModifier.swift in Sources */ = {isa = PBXBuildFile; fileRef = 5A4BF0A62CD894B300454EC3 /* BackgroundModifier.swift */; };
		5A7EE2FE2CDB4D7800921DDA /* UserView.swift in Sources */ = {isa = PBXBuildFile; fileRef = 5A7EE2FD2CDB4D7800921DDA /* UserView.swift */; };
		5A8808F52CD90EE400528A4D /* CocktailItemView.swift in Sources */ = {isa = PBXBuildFile; fileRef = 5A8808F42CD90EE400528A4D /* CocktailItemView.swift */; };
		5AAF6DDF2C9A45A300560347 /* FirebaseStorageCombine-Community in Frameworks */ = {isa = PBXBuildFile; productRef = 5AAF6DDE2C9A45A300560347 /* FirebaseStorageCombine-Community */; };
		5AAF6DE12C9A45B200560347 /* FirebaseMessaging in Frameworks */ = {isa = PBXBuildFile; productRef = 5AAF6DE02C9A45B200560347 /* FirebaseMessaging */; };
		5AAF6DE32C9A45C500560347 /* FirebaseMLModelDownloader in Frameworks */ = {isa = PBXBuildFile; productRef = 5AAF6DE22C9A45C500560347 /* FirebaseMLModelDownloader */; };
		5AAF6DE52C9A45D300560347 /* FirebaseAppCheck in Frameworks */ = {isa = PBXBuildFile; productRef = 5AAF6DE42C9A45D300560347 /* FirebaseAppCheck */; };
		5AAF6DE72C9A45DD00560347 /* FirebaseAnalytics in Frameworks */ = {isa = PBXBuildFile; productRef = 5AAF6DE62C9A45DD00560347 /* FirebaseAnalytics */; };
		5AAF6DE92C9A45EF00560347 /* FirebaseAppDistribution-Beta in Frameworks */ = {isa = PBXBuildFile; productRef = 5AAF6DE82C9A45EF00560347 /* FirebaseAppDistribution-Beta */; };
		5AAF6DEB2C9A45FB00560347 /* FirebaseAnalyticsWithoutAdIdSupport in Frameworks */ = {isa = PBXBuildFile; productRef = 5AAF6DEA2C9A45FB00560347 /* FirebaseAnalyticsWithoutAdIdSupport */; };
		5AAF6DED2C9A460600560347 /* FirebaseCrashlytics in Frameworks */ = {isa = PBXBuildFile; productRef = 5AAF6DEC2C9A460600560347 /* FirebaseCrashlytics */; };
		5AAF6DEF2C9A460F00560347 /* FirebaseDatabase in Frameworks */ = {isa = PBXBuildFile; productRef = 5AAF6DEE2C9A460F00560347 /* FirebaseDatabase */; };
		5AAF6DF12C9A462E00560347 /* FirebaseFunctionsCombine-Community in Frameworks */ = {isa = PBXBuildFile; productRef = 5AAF6DF02C9A462E00560347 /* FirebaseFunctionsCombine-Community */; };
		5AAF6DF32C9A464E00560347 /* FirebaseAuthCombine-Community in Frameworks */ = {isa = PBXBuildFile; productRef = 5AAF6DF22C9A464E00560347 /* FirebaseAuthCombine-Community */; };
		5AAF6DF52C9A465900560347 /* FirebaseStorage in Frameworks */ = {isa = PBXBuildFile; productRef = 5AAF6DF42C9A465900560347 /* FirebaseStorage */; };
		5AAF6DF72C9A466C00560347 /* FirebaseAnalyticsOnDeviceConversion in Frameworks */ = {isa = PBXBuildFile; productRef = 5AAF6DF62C9A466C00560347 /* FirebaseAnalyticsOnDeviceConversion */; };
		5AAF6DF92C9A467600560347 /* FirebaseFunctions in Frameworks */ = {isa = PBXBuildFile; productRef = 5AAF6DF82C9A467600560347 /* FirebaseFunctions */; };
		5AAF6DFB2C9A469200560347 /* FirebaseInstallations in Frameworks */ = {isa = PBXBuildFile; productRef = 5AAF6DFA2C9A469200560347 /* FirebaseInstallations */; };
		5AAF6DFD2C9A469F00560347 /* FirebasePerformance in Frameworks */ = {isa = PBXBuildFile; productRef = 5AAF6DFC2C9A469F00560347 /* FirebasePerformance */; };
		5AAF6DFF2C9A46AE00560347 /* FirebaseFirestoreCombine-Community in Frameworks */ = {isa = PBXBuildFile; productRef = 5AAF6DFE2C9A46AE00560347 /* FirebaseFirestoreCombine-Community */; };
		5AAF6E012C9A46B600560347 /* FirebaseFirestore in Frameworks */ = {isa = PBXBuildFile; productRef = 5AAF6E002C9A46B600560347 /* FirebaseFirestore */; };
		5AAF6E032C9A46BE00560347 /* FirebaseDynamicLinks in Frameworks */ = {isa = PBXBuildFile; productRef = 5AAF6E022C9A46BE00560347 /* FirebaseDynamicLinks */; };
		5AAF6E052C9A46D300560347 /* FirebaseInAppMessaging-Beta in Frameworks */ = {isa = PBXBuildFile; productRef = 5AAF6E042C9A46D300560347 /* FirebaseInAppMessaging-Beta */; };
		5AAF6E072C9A470400560347 /* FirebaseVertexAI-Preview in Frameworks */ = {isa = PBXBuildFile; productRef = 5AAF6E062C9A470400560347 /* FirebaseVertexAI-Preview */; };
		5AAF6E092C9A471000560347 /* FirebaseRemoteConfig in Frameworks */ = {isa = PBXBuildFile; productRef = 5AAF6E082C9A471000560347 /* FirebaseRemoteConfig */; };
		5AB1BC492CD8D29700162805 /* CocktailService.swift in Sources */ = {isa = PBXBuildFile; fileRef = 5AB1BC482CD8D29700162805 /* CocktailService.swift */; };
		5AB1BC4B2CD8D30D00162805 /* Cocktail.swift in Sources */ = {isa = PBXBuildFile; fileRef = 5AB1BC4A2CD8D30D00162805 /* Cocktail.swift */; };
		5AB1BC4D2CD8D33B00162805 /* CocktailResponse.swift in Sources */ = {isa = PBXBuildFile; fileRef = 5AB1BC4C2CD8D33B00162805 /* CocktailResponse.swift */; };
		5AB1BC4F2CD8D38B00162805 /* CocktailViewModel.swift in Sources */ = {isa = PBXBuildFile; fileRef = 5AB1BC4E2CD8D38B00162805 /* CocktailViewModel.swift */; };
		5AB1BC522CD8D9C900162805 /* MealResponse.swift in Sources */ = {isa = PBXBuildFile; fileRef = 5AB1BC512CD8D9C900162805 /* MealResponse.swift */; };
		5AB1BC542CD8DA1100162805 /* MealService.swift in Sources */ = {isa = PBXBuildFile; fileRef = 5AB1BC532CD8DA1100162805 /* MealService.swift */; };
		5AB1BC582CD8DC0700162805 /* MealListView.swift in Sources */ = {isa = PBXBuildFile; fileRef = 5AB1BC572CD8DC0700162805 /* MealListView.swift */; };
		5AB1BC5E2CD8E40E00162805 /* CocktailListView.swift in Sources */ = {isa = PBXBuildFile; fileRef = 5AB1BC5D2CD8E40E00162805 /* CocktailListView.swift */; };
		5AB1BC602CD8E43A00162805 /* CocktailDetailView.swift in Sources */ = {isa = PBXBuildFile; fileRef = 5AB1BC5F2CD8E43A00162805 /* CocktailDetailView.swift */; };
		5AB1BC632CD8E60A00162805 /* MealItemView.swift in Sources */ = {isa = PBXBuildFile; fileRef = 5AB1BC622CD8E60A00162805 /* MealItemView.swift */; };
		5AD65FFC2C8F385200A7E0A1 /* RecipesApp.swift in Sources */ = {isa = PBXBuildFile; fileRef = 5AD65FFB2C8F385200A7E0A1 /* RecipesApp.swift */; };
		5AD660002C8F385300A7E0A1 /* Assets.xcassets in Resources */ = {isa = PBXBuildFile; fileRef = 5AD65FFF2C8F385300A7E0A1 /* Assets.xcassets */; };
		5AD660032C8F385300A7E0A1 /* Preview Assets.xcassets in Resources */ = {isa = PBXBuildFile; fileRef = 5AD660022C8F385300A7E0A1 /* Preview Assets.xcassets */; };
		5AD6D75E2C9DAC06005A146F /* Meal.swift in Sources */ = {isa = PBXBuildFile; fileRef = 5AD6D75D2C9DAC06005A146F /* Meal.swift */; };
		5AD6D7612C9DB3E4005A146F /* HTTPError.swift in Sources */ = {isa = PBXBuildFile; fileRef = 5AD6D7602C9DB3E4005A146F /* HTTPError.swift */; };
		5AD9BC802C9A3F22002A09D4 /* AuthenticationViewModel.swift in Sources */ = {isa = PBXBuildFile; fileRef = 5AD9BC7F2C9A3F22002A09D4 /* AuthenticationViewModel.swift */; };
		5AD9BC822C9A3FF8002A09D4 /* AuthenticationView.swift in Sources */ = {isa = PBXBuildFile; fileRef = 5AD9BC812C9A3FF8002A09D4 /* AuthenticationView.swift */; };
		5AD9BC852C9A40C3002A09D4 /* FirebaseAuth in Frameworks */ = {isa = PBXBuildFile; productRef = 5AD9BC842C9A40C3002A09D4 /* FirebaseAuth */; };
/* End PBXBuildFile section */

/* Begin PBXFileReference section */
		5A0D812C2C9B0F5100080F48 /* GoogleService-Info.plist */ = {isa = PBXFileReference; fileEncoding = 4; lastKnownFileType = text.plist.xml; path = "GoogleService-Info.plist"; sourceTree = "<group>"; };
		5A12C55E2C9AEDD400FAF918 /* HomeView.swift */ = {isa = PBXFileReference; lastKnownFileType = sourcecode.swift; path = HomeView.swift; sourceTree = "<group>"; };
		5A2C9BFE2C9C33E300CB68DA /* MealViewModel.swift */ = {isa = PBXFileReference; lastKnownFileType = sourcecode.swift; path = MealViewModel.swift; sourceTree = "<group>"; };
		5A2C9C022C9C354C00CB68DA /* MealDetailView.swift */ = {isa = PBXFileReference; lastKnownFileType = sourcecode.swift; path = MealDetailView.swift; sourceTree = "<group>"; };
		5A4BF0A62CD894B300454EC3 /* BackgroundModifier.swift */ = {isa = PBXFileReference; lastKnownFileType = sourcecode.swift; path = BackgroundModifier.swift; sourceTree = "<group>"; };
		5A7EE2FD2CDB4D7800921DDA /* UserView.swift */ = {isa = PBXFileReference; lastKnownFileType = sourcecode.swift; path = UserView.swift; sourceTree = "<group>"; };
		5A8808F42CD90EE400528A4D /* CocktailItemView.swift */ = {isa = PBXFileReference; lastKnownFileType = sourcecode.swift; path = CocktailItemView.swift; sourceTree = "<group>"; };
		5AB1BC482CD8D29700162805 /* CocktailService.swift */ = {isa = PBXFileReference; lastKnownFileType = sourcecode.swift; path = CocktailService.swift; sourceTree = "<group>"; };
		5AB1BC4A2CD8D30D00162805 /* Cocktail.swift */ = {isa = PBXFileReference; lastKnownFileType = sourcecode.swift; path = Cocktail.swift; sourceTree = "<group>"; };
		5AB1BC4C2CD8D33B00162805 /* CocktailResponse.swift */ = {isa = PBXFileReference; lastKnownFileType = sourcecode.swift; path = CocktailResponse.swift; sourceTree = "<group>"; };
		5AB1BC4E2CD8D38B00162805 /* CocktailViewModel.swift */ = {isa = PBXFileReference; lastKnownFileType = sourcecode.swift; path = CocktailViewModel.swift; sourceTree = "<group>"; };
		5AB1BC512CD8D9C900162805 /* MealResponse.swift */ = {isa = PBXFileReference; lastKnownFileType = sourcecode.swift; path = MealResponse.swift; sourceTree = "<group>"; };
		5AB1BC532CD8DA1100162805 /* MealService.swift */ = {isa = PBXFileReference; lastKnownFileType = sourcecode.swift; path = MealService.swift; sourceTree = "<group>"; };
		5AB1BC572CD8DC0700162805 /* MealListView.swift */ = {isa = PBXFileReference; lastKnownFileType = sourcecode.swift; path = MealListView.swift; sourceTree = "<group>"; };
		5AB1BC5D2CD8E40E00162805 /* CocktailListView.swift */ = {isa = PBXFileReference; lastKnownFileType = sourcecode.swift; path = CocktailListView.swift; sourceTree = "<group>"; };
		5AB1BC5F2CD8E43A00162805 /* CocktailDetailView.swift */ = {isa = PBXFileReference; lastKnownFileType = sourcecode.swift; path = CocktailDetailView.swift; sourceTree = "<group>"; };
		5AB1BC622CD8E60A00162805 /* MealItemView.swift */ = {isa = PBXFileReference; lastKnownFileType = sourcecode.swift; path = MealItemView.swift; sourceTree = "<group>"; };
		5AD65FF82C8F385200A7E0A1 /* Recipes.app */ = {isa = PBXFileReference; explicitFileType = wrapper.application; includeInIndex = 0; path = Recipes.app; sourceTree = BUILT_PRODUCTS_DIR; };
		5AD65FFB2C8F385200A7E0A1 /* RecipesApp.swift */ = {isa = PBXFileReference; lastKnownFileType = sourcecode.swift; path = RecipesApp.swift; sourceTree = "<group>"; };
		5AD65FFF2C8F385300A7E0A1 /* Assets.xcassets */ = {isa = PBXFileReference; lastKnownFileType = folder.assetcatalog; path = Assets.xcassets; sourceTree = "<group>"; };
		5AD660022C8F385300A7E0A1 /* Preview Assets.xcassets */ = {isa = PBXFileReference; lastKnownFileType = folder.assetcatalog; path = "Preview Assets.xcassets"; sourceTree = "<group>"; };
		5AD6D75D2C9DAC06005A146F /* Meal.swift */ = {isa = PBXFileReference; lastKnownFileType = sourcecode.swift; path = Meal.swift; sourceTree = "<group>"; };
		5AD6D7602C9DB3E4005A146F /* HTTPError.swift */ = {isa = PBXFileReference; lastKnownFileType = sourcecode.swift; path = HTTPError.swift; sourceTree = "<group>"; };
		5AD9BC7F2C9A3F22002A09D4 /* AuthenticationViewModel.swift */ = {isa = PBXFileReference; lastKnownFileType = sourcecode.swift; path = AuthenticationViewModel.swift; sourceTree = "<group>"; };
		5AD9BC812C9A3FF8002A09D4 /* AuthenticationView.swift */ = {isa = PBXFileReference; lastKnownFileType = sourcecode.swift; path = AuthenticationView.swift; sourceTree = "<group>"; };
/* End PBXFileReference section */

/* Begin PBXFrameworksBuildPhase section */
		5AD65FF52C8F385200A7E0A1 /* Frameworks */ = {
			isa = PBXFrameworksBuildPhase;
			buildActionMask = 2147483647;
			files = (
				5AAF6DEF2C9A460F00560347 /* FirebaseDatabase in Frameworks */,
				5AAF6DE92C9A45EF00560347 /* FirebaseAppDistribution-Beta in Frameworks */,
				5AAF6DE12C9A45B200560347 /* FirebaseMessaging in Frameworks */,
				5AAF6DFF2C9A46AE00560347 /* FirebaseFirestoreCombine-Community in Frameworks */,
				5AAF6E012C9A46B600560347 /* FirebaseFirestore in Frameworks */,
				5AAF6DF72C9A466C00560347 /* FirebaseAnalyticsOnDeviceConversion in Frameworks */,
				5AAF6DDF2C9A45A300560347 /* FirebaseStorageCombine-Community in Frameworks */,
				5AAF6DE72C9A45DD00560347 /* FirebaseAnalytics in Frameworks */,
				5AAF6E052C9A46D300560347 /* FirebaseInAppMessaging-Beta in Frameworks */,
				5AD9BC852C9A40C3002A09D4 /* FirebaseAuth in Frameworks */,
				5AAF6DE52C9A45D300560347 /* FirebaseAppCheck in Frameworks */,
				5AAF6DF32C9A464E00560347 /* FirebaseAuthCombine-Community in Frameworks */,
				5AAF6DFD2C9A469F00560347 /* FirebasePerformance in Frameworks */,
				5AAF6DF52C9A465900560347 /* FirebaseStorage in Frameworks */,
				5AAF6DED2C9A460600560347 /* FirebaseCrashlytics in Frameworks */,
				5AAF6DFB2C9A469200560347 /* FirebaseInstallations in Frameworks */,
				5AAF6DE32C9A45C500560347 /* FirebaseMLModelDownloader in Frameworks */,
				5AAF6DF92C9A467600560347 /* FirebaseFunctions in Frameworks */,
				5AAF6E092C9A471000560347 /* FirebaseRemoteConfig in Frameworks */,
				5AAF6DF12C9A462E00560347 /* FirebaseFunctionsCombine-Community in Frameworks */,
				5AAF6DEB2C9A45FB00560347 /* FirebaseAnalyticsWithoutAdIdSupport in Frameworks */,
				5AAF6E072C9A470400560347 /* FirebaseVertexAI-Preview in Frameworks */,
				5AAF6E032C9A46BE00560347 /* FirebaseDynamicLinks in Frameworks */,
			);
			runOnlyForDeploymentPostprocessing = 0;
		};
/* End PBXFrameworksBuildPhase section */

/* Begin PBXGroup section */
		5A2C9BFD2C9C334D00CB68DA /* Model */ = {
			isa = PBXGroup;
			children = (
				5AB1BC592CD8E2CF00162805 /* MealModel */,
				5AB1BC5A2CD8E2F900162805 /* CocktailModel */,
			);
			path = Model;
			sourceTree = "<group>";
		};
		5AB1BC502CD8D65500162805 /* ApiService */ = {
			isa = PBXGroup;
			children = (
				5AB1BC532CD8DA1100162805 /* MealService.swift */,
				5AB1BC482CD8D29700162805 /* CocktailService.swift */,
			);
			path = ApiService;
			sourceTree = "<group>";
		};
		5AB1BC592CD8E2CF00162805 /* MealModel */ = {
			isa = PBXGroup;
			children = (
				5AD6D75D2C9DAC06005A146F /* Meal.swift */,
				5AB1BC512CD8D9C900162805 /* MealResponse.swift */,
			);
			path = MealModel;
			sourceTree = "<group>";
		};
		5AB1BC5A2CD8E2F900162805 /* CocktailModel */ = {
			isa = PBXGroup;
			children = (
				5AB1BC4A2CD8D30D00162805 /* Cocktail.swift */,
				5AB1BC4C2CD8D33B00162805 /* CocktailResponse.swift */,
			);
			path = CocktailModel;
			sourceTree = "<group>";
		};
		5AB1BC5B2CD8E37E00162805 /* MealView */ = {
			isa = PBXGroup;
			children = (
				5AB1BC622CD8E60A00162805 /* MealItemView.swift */,
				5AB1BC572CD8DC0700162805 /* MealListView.swift */,
				5A2C9C022C9C354C00CB68DA /* MealDetailView.swift */,
			);
			path = MealView;
			sourceTree = "<group>";
		};
		5AB1BC5C2CD8E3E800162805 /* CocktailView */ = {
			isa = PBXGroup;
			children = (
				5A8808F42CD90EE400528A4D /* CocktailItemView.swift */,
				5AB1BC5D2CD8E40E00162805 /* CocktailListView.swift */,
				5AB1BC5F2CD8E43A00162805 /* CocktailDetailView.swift */,
			);
			path = CocktailView;
			sourceTree = "<group>";
		};
		5AB1BC612CD8E4EA00162805 /* Modifier */ = {
			isa = PBXGroup;
			children = (
				5A4BF0A62CD894B300454EC3 /* BackgroundModifier.swift */,
			);
			path = Modifier;
			sourceTree = "<group>";
		};
		5AD65FEF2C8F385200A7E0A1 = {
			isa = PBXGroup;
			children = (
				5AD65FFA2C8F385200A7E0A1 /* Recipes */,
				5AD65FF92C8F385200A7E0A1 /* Products */,
			);
			sourceTree = "<group>";
		};
		5AD65FF92C8F385200A7E0A1 /* Products */ = {
			isa = PBXGroup;
			children = (
				5AD65FF82C8F385200A7E0A1 /* Recipes.app */,
			);
			name = Products;
			sourceTree = "<group>";
		};
		5AD65FFA2C8F385200A7E0A1 /* Recipes */ = {
			isa = PBXGroup;
			children = (
				5AD65FFB2C8F385200A7E0A1 /* RecipesApp.swift */,
				5A2C9BFD2C9C334D00CB68DA /* Model */,
				5AD9BC7E2C9A3EF6002A09D4 /* ViewModel */,
				5AD9BC742C9A289C002A09D4 /* View */,
				5AB1BC502CD8D65500162805 /* ApiService */,
				5AB1BC612CD8E4EA00162805 /* Modifier */,
				5AD6D75F2C9DB3B9005A146F /* Enum */,
				5AD65FFF2C8F385300A7E0A1 /* Assets.xcassets */,
				5A0D812C2C9B0F5100080F48 /* GoogleService-Info.plist */,
				5AD660012C8F385300A7E0A1 /* Preview Content */,
			);
			path = Recipes;
			sourceTree = "<group>";
		};
		5AD660012C8F385300A7E0A1 /* Preview Content */ = {
			isa = PBXGroup;
			children = (
				5AD660022C8F385300A7E0A1 /* Preview Assets.xcassets */,
			);
			path = "Preview Content";
			sourceTree = "<group>";
		};
		5AD6D75F2C9DB3B9005A146F /* Enum */ = {
			isa = PBXGroup;
			children = (
				5AD6D7602C9DB3E4005A146F /* HTTPError.swift */,
			);
			path = Enum;
			sourceTree = "<group>";
		};
		5AD9BC742C9A289C002A09D4 /* View */ = {
			isa = PBXGroup;
			children = (
				5AD9BC812C9A3FF8002A09D4 /* AuthenticationView.swift */,
				5A12C55E2C9AEDD400FAF918 /* HomeView.swift */,
				5A7EE2FD2CDB4D7800921DDA /* UserView.swift */,
				5AB1BC5B2CD8E37E00162805 /* MealView */,
				5AB1BC5C2CD8E3E800162805 /* CocktailView */,
			);
			path = View;
			sourceTree = "<group>";
		};
		5AD9BC7E2C9A3EF6002A09D4 /* ViewModel */ = {
			isa = PBXGroup;
			children = (
				5AD9BC7F2C9A3F22002A09D4 /* AuthenticationViewModel.swift */,
				5A2C9BFE2C9C33E300CB68DA /* MealViewModel.swift */,
				5AB1BC4E2CD8D38B00162805 /* CocktailViewModel.swift */,
			);
			path = ViewModel;
			sourceTree = "<group>";
		};
/* End PBXGroup section */

/* Begin PBXNativeTarget section */
		5AD65FF72C8F385200A7E0A1 /* Recipes */ = {
			isa = PBXNativeTarget;
			buildConfigurationList = 5AD660062C8F385300A7E0A1 /* Build configuration list for PBXNativeTarget "Recipes" */;
			buildPhases = (
				5AD65FF42C8F385200A7E0A1 /* Sources */,
				5AD65FF52C8F385200A7E0A1 /* Frameworks */,
				5AD65FF62C8F385200A7E0A1 /* Resources */,
				5AAF6E0A2C9A4A7000560347 /* ShellScript */,
			);
			buildRules = (
			);
			dependencies = (
			);
			name = Recipes;
			packageProductDependencies = (
				5AD9BC842C9A40C3002A09D4 /* FirebaseAuth */,
				5AAF6DDE2C9A45A300560347 /* FirebaseStorageCombine-Community */,
				5AAF6DE02C9A45B200560347 /* FirebaseMessaging */,
				5AAF6DE22C9A45C500560347 /* FirebaseMLModelDownloader */,
				5AAF6DE42C9A45D300560347 /* FirebaseAppCheck */,
				5AAF6DE62C9A45DD00560347 /* FirebaseAnalytics */,
				5AAF6DE82C9A45EF00560347 /* FirebaseAppDistribution-Beta */,
				5AAF6DEA2C9A45FB00560347 /* FirebaseAnalyticsWithoutAdIdSupport */,
				5AAF6DEC2C9A460600560347 /* FirebaseCrashlytics */,
				5AAF6DEE2C9A460F00560347 /* FirebaseDatabase */,
				5AAF6DF02C9A462E00560347 /* FirebaseFunctionsCombine-Community */,
				5AAF6DF22C9A464E00560347 /* FirebaseAuthCombine-Community */,
				5AAF6DF42C9A465900560347 /* FirebaseStorage */,
				5AAF6DF62C9A466C00560347 /* FirebaseAnalyticsOnDeviceConversion */,
				5AAF6DF82C9A467600560347 /* FirebaseFunctions */,
				5AAF6DFA2C9A469200560347 /* FirebaseInstallations */,
				5AAF6DFC2C9A469F00560347 /* FirebasePerformance */,
				5AAF6DFE2C9A46AE00560347 /* FirebaseFirestoreCombine-Community */,
				5AAF6E002C9A46B600560347 /* FirebaseFirestore */,
				5AAF6E022C9A46BE00560347 /* FirebaseDynamicLinks */,
				5AAF6E042C9A46D300560347 /* FirebaseInAppMessaging-Beta */,
				5AAF6E062C9A470400560347 /* FirebaseVertexAI-Preview */,
				5AAF6E082C9A471000560347 /* FirebaseRemoteConfig */,
			);
			productName = Recipes;
			productReference = 5AD65FF82C8F385200A7E0A1 /* Recipes.app */;
			productType = "com.apple.product-type.application";
		};
/* End PBXNativeTarget section */

/* Begin PBXProject section */
		5AD65FF02C8F385200A7E0A1 /* Project object */ = {
			isa = PBXProject;
			attributes = {
				BuildIndependentTargetsInParallel = 1;
				LastSwiftUpdateCheck = 1540;
				LastUpgradeCheck = 1540;
				TargetAttributes = {
					5AD65FF72C8F385200A7E0A1 = {
						CreatedOnToolsVersion = 15.4;
					};
				};
			};
			buildConfigurationList = 5AD65FF32C8F385200A7E0A1 /* Build configuration list for PBXProject "Recipes" */;
			compatibilityVersion = "Xcode 14.0";
			developmentRegion = en;
			hasScannedForEncodings = 0;
			knownRegions = (
				en,
				Base,
			);
			mainGroup = 5AD65FEF2C8F385200A7E0A1;
			packageReferences = (
				5AD9BC7D2C9A39E2002A09D4 /* XCRemoteSwiftPackageReference "firebase-ios-sdk" */,
			);
			productRefGroup = 5AD65FF92C8F385200A7E0A1 /* Products */;
			projectDirPath = "";
			projectRoot = "";
			targets = (
				5AD65FF72C8F385200A7E0A1 /* Recipes */,
			);
		};
/* End PBXProject section */

/* Begin PBXResourcesBuildPhase section */
		5AD65FF62C8F385200A7E0A1 /* Resources */ = {
			isa = PBXResourcesBuildPhase;
			buildActionMask = 2147483647;
			files = (
				5AD660032C8F385300A7E0A1 /* Preview Assets.xcassets in Resources */,
				5AD660002C8F385300A7E0A1 /* Assets.xcassets in Resources */,
				5A0D812D2C9B0F5100080F48 /* GoogleService-Info.plist in Resources */,
			);
			runOnlyForDeploymentPostprocessing = 0;
		};
/* End PBXResourcesBuildPhase section */

/* Begin PBXShellScriptBuildPhase section */
		5AAF6E0A2C9A4A7000560347 /* ShellScript */ = {
			isa = PBXShellScriptBuildPhase;
			alwaysOutOfDate = 1;
			buildActionMask = 12;
			files = (
			);
			inputFileListPaths = (
			);
			inputPaths = (
				"${DWARF_DSYM_FOLDER_PATH}/${DWARF_DSYM_FILE_NAME}",
				"${DWARF_DSYM_FOLDER_PATH}/${DWARF_DSYM_FILE_NAME}/Contents/Resources/DWARF/${PRODUCT_NAME}",
				"${DWARF_DSYM_FOLDER_PATH}/${DWARF_DSYM_FILE_NAME}/Contents/Info.plist",
				"$(TARGET_BUILD_DIR)/$(UNLOCALIZED_RESOURCES_FOLDER_PATH)/GoogleService-Info.plist",
				"$(TARGET_BUILD_DIR)/$(EXECUTABLE_PATH)",
			);
			outputFileListPaths = (
			);
			outputPaths = (
			);
			runOnlyForDeploymentPostprocessing = 0;
			shellScript = "\"${BUILD_DIR%/Build/*}/SourcePackages/checkouts/firebase-ios-sdk/Crashlytics/run\"\n";
		};
/* End PBXShellScriptBuildPhase section */

/* Begin PBXSourcesBuildPhase section */
		5AD65FF42C8F385200A7E0A1 /* Sources */ = {
			isa = PBXSourcesBuildPhase;
			buildActionMask = 2147483647;
			files = (
				5AD6D75E2C9DAC06005A146F /* Meal.swift in Sources */,
				5AD6D7612C9DB3E4005A146F /* HTTPError.swift in Sources */,
				5AD9BC802C9A3F22002A09D4 /* AuthenticationViewModel.swift in Sources */,
				5AB1BC602CD8E43A00162805 /* CocktailDetailView.swift in Sources */,
				5AB1BC522CD8D9C900162805 /* MealResponse.swift in Sources */,
				5AB1BC4D2CD8D33B00162805 /* CocktailResponse.swift in Sources */,
				5A2C9BFF2C9C33E300CB68DA /* MealViewModel.swift in Sources */,
				5AB1BC5E2CD8E40E00162805 /* CocktailListView.swift in Sources */,
				5AD9BC822C9A3FF8002A09D4 /* AuthenticationView.swift in Sources */,
				5AB1BC4B2CD8D30D00162805 /* Cocktail.swift in Sources */,
				5AB1BC4F2CD8D38B00162805 /* CocktailViewModel.swift in Sources */,
				5A2C9C032C9C354C00CB68DA /* MealDetailView.swift in Sources */,
				5AB1BC632CD8E60A00162805 /* MealItemView.swift in Sources */,
				5A7EE2FE2CDB4D7800921DDA /* UserView.swift in Sources */,
				5A8808F52CD90EE400528A4D /* CocktailItemView.swift in Sources */,
				5AB1BC582CD8DC0700162805 /* MealListView.swift in Sources */,
				5A12C55F2C9AEDD400FAF918 /* HomeView.swift in Sources */,
				5A4BF0A72CD894B300454EC3 /* BackgroundModifier.swift in Sources */,
				5AB1BC542CD8DA1100162805 /* MealService.swift in Sources */,
				5AD65FFC2C8F385200A7E0A1 /* RecipesApp.swift in Sources */,
				5AB1BC492CD8D29700162805 /* CocktailService.swift in Sources */,
			);
			runOnlyForDeploymentPostprocessing = 0;
		};
/* End PBXSourcesBuildPhase section */

/* Begin XCBuildConfiguration section */
		5AD660042C8F385300A7E0A1 /* Debug */ = {
			isa = XCBuildConfiguration;
			buildSettings = {
				ALWAYS_SEARCH_USER_PATHS = NO;
				ASSETCATALOG_COMPILER_GENERATE_SWIFT_ASSET_SYMBOL_EXTENSIONS = YES;
				CLANG_ANALYZER_NONNULL = YES;
				CLANG_ANALYZER_NUMBER_OBJECT_CONVERSION = YES_AGGRESSIVE;
				CLANG_CXX_LANGUAGE_STANDARD = "gnu++20";
				CLANG_ENABLE_MODULES = YES;
				CLANG_ENABLE_OBJC_ARC = YES;
				CLANG_ENABLE_OBJC_WEAK = YES;
				CLANG_WARN_BLOCK_CAPTURE_AUTORELEASING = YES;
				CLANG_WARN_BOOL_CONVERSION = YES;
				CLANG_WARN_COMMA = YES;
				CLANG_WARN_CONSTANT_CONVERSION = YES;
				CLANG_WARN_DEPRECATED_OBJC_IMPLEMENTATIONS = YES;
				CLANG_WARN_DIRECT_OBJC_ISA_USAGE = YES_ERROR;
				CLANG_WARN_DOCUMENTATION_COMMENTS = YES;
				CLANG_WARN_EMPTY_BODY = YES;
				CLANG_WARN_ENUM_CONVERSION = YES;
				CLANG_WARN_INFINITE_RECURSION = YES;
				CLANG_WARN_INT_CONVERSION = YES;
				CLANG_WARN_NON_LITERAL_NULL_CONVERSION = YES;
				CLANG_WARN_OBJC_IMPLICIT_RETAIN_SELF = YES;
				CLANG_WARN_OBJC_LITERAL_CONVERSION = YES;
				CLANG_WARN_OBJC_ROOT_CLASS = YES_ERROR;
				CLANG_WARN_QUOTED_INCLUDE_IN_FRAMEWORK_HEADER = YES;
				CLANG_WARN_RANGE_LOOP_ANALYSIS = YES;
				CLANG_WARN_STRICT_PROTOTYPES = YES;
				CLANG_WARN_SUSPICIOUS_MOVE = YES;
				CLANG_WARN_UNGUARDED_AVAILABILITY = YES_AGGRESSIVE;
				CLANG_WARN_UNREACHABLE_CODE = YES;
				CLANG_WARN__DUPLICATE_METHOD_MATCH = YES;
				COPY_PHASE_STRIP = NO;
				DEBUG_INFORMATION_FORMAT = dwarf;
				ENABLE_STRICT_OBJC_MSGSEND = YES;
				ENABLE_TESTABILITY = YES;
				ENABLE_USER_SCRIPT_SANDBOXING = YES;
				GCC_C_LANGUAGE_STANDARD = gnu17;
				GCC_DYNAMIC_NO_PIC = NO;
				GCC_NO_COMMON_BLOCKS = YES;
				GCC_OPTIMIZATION_LEVEL = 0;
				GCC_PREPROCESSOR_DEFINITIONS = (
					"DEBUG=1",
					"$(inherited)",
				);
				GCC_WARN_64_TO_32_BIT_CONVERSION = YES;
				GCC_WARN_ABOUT_RETURN_TYPE = YES_ERROR;
				GCC_WARN_UNDECLARED_SELECTOR = YES;
				GCC_WARN_UNINITIALIZED_AUTOS = YES_AGGRESSIVE;
				GCC_WARN_UNUSED_FUNCTION = YES;
				GCC_WARN_UNUSED_VARIABLE = YES;
				IPHONEOS_DEPLOYMENT_TARGET = 17.5;
				LOCALIZATION_PREFERS_STRING_CATALOGS = YES;
				MTL_ENABLE_DEBUG_INFO = INCLUDE_SOURCE;
				MTL_FAST_MATH = YES;
				ONLY_ACTIVE_ARCH = YES;
				SDKROOT = iphoneos;
				SWIFT_ACTIVE_COMPILATION_CONDITIONS = "DEBUG $(inherited)";
				SWIFT_OPTIMIZATION_LEVEL = "-Onone";
			};
			name = Debug;
		};
		5AD660052C8F385300A7E0A1 /* Release */ = {
			isa = XCBuildConfiguration;
			buildSettings = {
				ALWAYS_SEARCH_USER_PATHS = NO;
				ASSETCATALOG_COMPILER_GENERATE_SWIFT_ASSET_SYMBOL_EXTENSIONS = YES;
				CLANG_ANALYZER_NONNULL = YES;
				CLANG_ANALYZER_NUMBER_OBJECT_CONVERSION = YES_AGGRESSIVE;
				CLANG_CXX_LANGUAGE_STANDARD = "gnu++20";
				CLANG_ENABLE_MODULES = YES;
				CLANG_ENABLE_OBJC_ARC = YES;
				CLANG_ENABLE_OBJC_WEAK = YES;
				CLANG_WARN_BLOCK_CAPTURE_AUTORELEASING = YES;
				CLANG_WARN_BOOL_CONVERSION = YES;
				CLANG_WARN_COMMA = YES;
				CLANG_WARN_CONSTANT_CONVERSION = YES;
				CLANG_WARN_DEPRECATED_OBJC_IMPLEMENTATIONS = YES;
				CLANG_WARN_DIRECT_OBJC_ISA_USAGE = YES_ERROR;
				CLANG_WARN_DOCUMENTATION_COMMENTS = YES;
				CLANG_WARN_EMPTY_BODY = YES;
				CLANG_WARN_ENUM_CONVERSION = YES;
				CLANG_WARN_INFINITE_RECURSION = YES;
				CLANG_WARN_INT_CONVERSION = YES;
				CLANG_WARN_NON_LITERAL_NULL_CONVERSION = YES;
				CLANG_WARN_OBJC_IMPLICIT_RETAIN_SELF = YES;
				CLANG_WARN_OBJC_LITERAL_CONVERSION = YES;
				CLANG_WARN_OBJC_ROOT_CLASS = YES_ERROR;
				CLANG_WARN_QUOTED_INCLUDE_IN_FRAMEWORK_HEADER = YES;
				CLANG_WARN_RANGE_LOOP_ANALYSIS = YES;
				CLANG_WARN_STRICT_PROTOTYPES = YES;
				CLANG_WARN_SUSPICIOUS_MOVE = YES;
				CLANG_WARN_UNGUARDED_AVAILABILITY = YES_AGGRESSIVE;
				CLANG_WARN_UNREACHABLE_CODE = YES;
				CLANG_WARN__DUPLICATE_METHOD_MATCH = YES;
				COPY_PHASE_STRIP = NO;
				DEBUG_INFORMATION_FORMAT = "dwarf-with-dsym";
				ENABLE_NS_ASSERTIONS = NO;
				ENABLE_STRICT_OBJC_MSGSEND = YES;
				ENABLE_USER_SCRIPT_SANDBOXING = YES;
				GCC_C_LANGUAGE_STANDARD = gnu17;
				GCC_NO_COMMON_BLOCKS = YES;
				GCC_WARN_64_TO_32_BIT_CONVERSION = YES;
				GCC_WARN_ABOUT_RETURN_TYPE = YES_ERROR;
				GCC_WARN_UNDECLARED_SELECTOR = YES;
				GCC_WARN_UNINITIALIZED_AUTOS = YES_AGGRESSIVE;
				GCC_WARN_UNUSED_FUNCTION = YES;
				GCC_WARN_UNUSED_VARIABLE = YES;
				IPHONEOS_DEPLOYMENT_TARGET = 17.5;
				LOCALIZATION_PREFERS_STRING_CATALOGS = YES;
				MTL_ENABLE_DEBUG_INFO = NO;
				MTL_FAST_MATH = YES;
				SDKROOT = iphoneos;
				SWIFT_COMPILATION_MODE = wholemodule;
				VALIDATE_PRODUCT = YES;
			};
			name = Release;
		};
		5AD660072C8F385300A7E0A1 /* Debug */ = {
			isa = XCBuildConfiguration;
			buildSettings = {
				ASSETCATALOG_COMPILER_APPICON_NAME = AppIcon;
				ASSETCATALOG_COMPILER_GLOBAL_ACCENT_COLOR_NAME = AccentColor;
				CODE_SIGN_STYLE = Automatic;
				CURRENT_PROJECT_VERSION = 1;
				DEBUG_INFORMATION_FORMAT = "dwarf-with-dsym";
				DEVELOPMENT_ASSET_PATHS = "\"Recipes/Preview Content\"";
				DEVELOPMENT_TEAM = "";
				ENABLE_PREVIEWS = YES;
				ENABLE_USER_SCRIPT_SANDBOXING = YES;
				GENERATE_INFOPLIST_FILE = YES;
				INFOPLIST_KEY_UIApplicationSceneManifest_Generation = YES;
				INFOPLIST_KEY_UIApplicationSupportsIndirectInputEvents = YES;
				INFOPLIST_KEY_UILaunchScreen_Generation = YES;
				INFOPLIST_KEY_UISupportedInterfaceOrientations_iPad = "UIInterfaceOrientationPortrait UIInterfaceOrientationPortraitUpsideDown UIInterfaceOrientationLandscapeLeft UIInterfaceOrientationLandscapeRight";
				INFOPLIST_KEY_UISupportedInterfaceOrientations_iPhone = "UIInterfaceOrientationPortrait UIInterfaceOrientationLandscapeLeft UIInterfaceOrientationLandscapeRight";
				LD_RUNPATH_SEARCH_PATHS = (
					"$(inherited)",
					"@executable_path/Frameworks",
				);
				MARKETING_VERSION = 1.0;
				PRODUCT_BUNDLE_IDENTIFIER = "de.syntax-institut.Recipes";
				PRODUCT_NAME = "$(TARGET_NAME)";
				SWIFT_EMIT_LOC_STRINGS = YES;
				SWIFT_VERSION = 5.0;
				TARGETED_DEVICE_FAMILY = "1,2";
			};
			name = Debug;
		};
		5AD660082C8F385300A7E0A1 /* Release */ = {
			isa = XCBuildConfiguration;
			buildSettings = {
				ASSETCATALOG_COMPILER_APPICON_NAME = AppIcon;
				ASSETCATALOG_COMPILER_GLOBAL_ACCENT_COLOR_NAME = AccentColor;
				CODE_SIGN_STYLE = Automatic;
				CURRENT_PROJECT_VERSION = 1;
				DEVELOPMENT_ASSET_PATHS = "\"Recipes/Preview Content\"";
				DEVELOPMENT_TEAM = "";
				ENABLE_PREVIEWS = YES;
				ENABLE_USER_SCRIPT_SANDBOXING = YES;
				GENERATE_INFOPLIST_FILE = YES;
				INFOPLIST_KEY_UIApplicationSceneManifest_Generation = YES;
				INFOPLIST_KEY_UIApplicationSupportsIndirectInputEvents = YES;
				INFOPLIST_KEY_UILaunchScreen_Generation = YES;
				INFOPLIST_KEY_UISupportedInterfaceOrientations_iPad = "UIInterfaceOrientationPortrait UIInterfaceOrientationPortraitUpsideDown UIInterfaceOrientationLandscapeLeft UIInterfaceOrientationLandscapeRight";
				INFOPLIST_KEY_UISupportedInterfaceOrientations_iPhone = "UIInterfaceOrientationPortrait UIInterfaceOrientationLandscapeLeft UIInterfaceOrientationLandscapeRight";
				LD_RUNPATH_SEARCH_PATHS = (
					"$(inherited)",
					"@executable_path/Frameworks",
				);
				MARKETING_VERSION = 1.0;
				PRODUCT_BUNDLE_IDENTIFIER = "de.syntax-institut.Recipes";
				PRODUCT_NAME = "$(TARGET_NAME)";
				SWIFT_EMIT_LOC_STRINGS = YES;
				SWIFT_VERSION = 5.0;
				TARGETED_DEVICE_FAMILY = "1,2";
			};
			name = Release;
		};
/* End XCBuildConfiguration section */

/* Begin XCConfigurationList section */
		5AD65FF32C8F385200A7E0A1 /* Build configuration list for PBXProject "Recipes" */ = {
			isa = XCConfigurationList;
			buildConfigurations = (
				5AD660042C8F385300A7E0A1 /* Debug */,
				5AD660052C8F385300A7E0A1 /* Release */,
			);
			defaultConfigurationIsVisible = 0;
			defaultConfigurationName = Release;
		};
		5AD660062C8F385300A7E0A1 /* Build configuration list for PBXNativeTarget "Recipes" */ = {
			isa = XCConfigurationList;
			buildConfigurations = (
				5AD660072C8F385300A7E0A1 /* Debug */,
				5AD660082C8F385300A7E0A1 /* Release */,
			);
			defaultConfigurationIsVisible = 0;
			defaultConfigurationName = Release;
		};
/* End XCConfigurationList section */

/* Begin XCRemoteSwiftPackageReference section */
		5AD9BC7D2C9A39E2002A09D4 /* XCRemoteSwiftPackageReference "firebase-ios-sdk" */ = {
			isa = XCRemoteSwiftPackageReference;
			repositoryURL = "https://github.com/firebase/firebase-ios-sdk";
			requirement = {
				kind = upToNextMajorVersion;
				minimumVersion = 11.2.0;
			};
		};
/* End XCRemoteSwiftPackageReference section */

/* Begin XCSwiftPackageProductDependency section */
		5AAF6DDE2C9A45A300560347 /* FirebaseStorageCombine-Community */ = {
			isa = XCSwiftPackageProductDependency;
			package = 5AD9BC7D2C9A39E2002A09D4 /* XCRemoteSwiftPackageReference "firebase-ios-sdk" */;
			productName = "FirebaseStorageCombine-Community";
		};
		5AAF6DE02C9A45B200560347 /* FirebaseMessaging */ = {
			isa = XCSwiftPackageProductDependency;
			package = 5AD9BC7D2C9A39E2002A09D4 /* XCRemoteSwiftPackageReference "firebase-ios-sdk" */;
			productName = FirebaseMessaging;
		};
		5AAF6DE22C9A45C500560347 /* FirebaseMLModelDownloader */ = {
			isa = XCSwiftPackageProductDependency;
			package = 5AD9BC7D2C9A39E2002A09D4 /* XCRemoteSwiftPackageReference "firebase-ios-sdk" */;
			productName = FirebaseMLModelDownloader;
		};
		5AAF6DE42C9A45D300560347 /* FirebaseAppCheck */ = {
			isa = XCSwiftPackageProductDependency;
			package = 5AD9BC7D2C9A39E2002A09D4 /* XCRemoteSwiftPackageReference "firebase-ios-sdk" */;
			productName = FirebaseAppCheck;
		};
		5AAF6DE62C9A45DD00560347 /* FirebaseAnalytics */ = {
			isa = XCSwiftPackageProductDependency;
			package = 5AD9BC7D2C9A39E2002A09D4 /* XCRemoteSwiftPackageReference "firebase-ios-sdk" */;
			productName = FirebaseAnalytics;
		};
		5AAF6DE82C9A45EF00560347 /* FirebaseAppDistribution-Beta */ = {
			isa = XCSwiftPackageProductDependency;
			package = 5AD9BC7D2C9A39E2002A09D4 /* XCRemoteSwiftPackageReference "firebase-ios-sdk" */;
			productName = "FirebaseAppDistribution-Beta";
		};
		5AAF6DEA2C9A45FB00560347 /* FirebaseAnalyticsWithoutAdIdSupport */ = {
			isa = XCSwiftPackageProductDependency;
			package = 5AD9BC7D2C9A39E2002A09D4 /* XCRemoteSwiftPackageReference "firebase-ios-sdk" */;
			productName = FirebaseAnalyticsWithoutAdIdSupport;
		};
		5AAF6DEC2C9A460600560347 /* FirebaseCrashlytics */ = {
			isa = XCSwiftPackageProductDependency;
			package = 5AD9BC7D2C9A39E2002A09D4 /* XCRemoteSwiftPackageReference "firebase-ios-sdk" */;
			productName = FirebaseCrashlytics;
		};
		5AAF6DEE2C9A460F00560347 /* FirebaseDatabase */ = {
			isa = XCSwiftPackageProductDependency;
			package = 5AD9BC7D2C9A39E2002A09D4 /* XCRemoteSwiftPackageReference "firebase-ios-sdk" */;
			productName = FirebaseDatabase;
		};
		5AAF6DF02C9A462E00560347 /* FirebaseFunctionsCombine-Community */ = {
			isa = XCSwiftPackageProductDependency;
			package = 5AD9BC7D2C9A39E2002A09D4 /* XCRemoteSwiftPackageReference "firebase-ios-sdk" */;
			productName = "FirebaseFunctionsCombine-Community";
		};
		5AAF6DF22C9A464E00560347 /* FirebaseAuthCombine-Community */ = {
			isa = XCSwiftPackageProductDependency;
			package = 5AD9BC7D2C9A39E2002A09D4 /* XCRemoteSwiftPackageReference "firebase-ios-sdk" */;
			productName = "FirebaseAuthCombine-Community";
		};
		5AAF6DF42C9A465900560347 /* FirebaseStorage */ = {
			isa = XCSwiftPackageProductDependency;
			package = 5AD9BC7D2C9A39E2002A09D4 /* XCRemoteSwiftPackageReference "firebase-ios-sdk" */;
			productName = FirebaseStorage;
		};
		5AAF6DF62C9A466C00560347 /* FirebaseAnalyticsOnDeviceConversion */ = {
			isa = XCSwiftPackageProductDependency;
			package = 5AD9BC7D2C9A39E2002A09D4 /* XCRemoteSwiftPackageReference "firebase-ios-sdk" */;
			productName = FirebaseAnalyticsOnDeviceConversion;
		};
		5AAF6DF82C9A467600560347 /* FirebaseFunctions */ = {
			isa = XCSwiftPackageProductDependency;
			package = 5AD9BC7D2C9A39E2002A09D4 /* XCRemoteSwiftPackageReference "firebase-ios-sdk" */;
			productName = FirebaseFunctions;
		};
		5AAF6DFA2C9A469200560347 /* FirebaseInstallations */ = {
			isa = XCSwiftPackageProductDependency;
			package = 5AD9BC7D2C9A39E2002A09D4 /* XCRemoteSwiftPackageReference "firebase-ios-sdk" */;
			productName = FirebaseInstallations;
		};
		5AAF6DFC2C9A469F00560347 /* FirebasePerformance */ = {
			isa = XCSwiftPackageProductDependency;
			package = 5AD9BC7D2C9A39E2002A09D4 /* XCRemoteSwiftPackageReference "firebase-ios-sdk" */;
			productName = FirebasePerformance;
		};
		5AAF6DFE2C9A46AE00560347 /* FirebaseFirestoreCombine-Community */ = {
			isa = XCSwiftPackageProductDependency;
			package = 5AD9BC7D2C9A39E2002A09D4 /* XCRemoteSwiftPackageReference "firebase-ios-sdk" */;
			productName = "FirebaseFirestoreCombine-Community";
		};
		5AAF6E002C9A46B600560347 /* FirebaseFirestore */ = {
			isa = XCSwiftPackageProductDependency;
			package = 5AD9BC7D2C9A39E2002A09D4 /* XCRemoteSwiftPackageReference "firebase-ios-sdk" */;
			productName = FirebaseFirestore;
		};
		5AAF6E022C9A46BE00560347 /* FirebaseDynamicLinks */ = {
			isa = XCSwiftPackageProductDependency;
			package = 5AD9BC7D2C9A39E2002A09D4 /* XCRemoteSwiftPackageReference "firebase-ios-sdk" */;
			productName = FirebaseDynamicLinks;
		};
		5AAF6E042C9A46D300560347 /* FirebaseInAppMessaging-Beta */ = {
			isa = XCSwiftPackageProductDependency;
			package = 5AD9BC7D2C9A39E2002A09D4 /* XCRemoteSwiftPackageReference "firebase-ios-sdk" */;
			productName = "FirebaseInAppMessaging-Beta";
		};
		5AAF6E062C9A470400560347 /* FirebaseVertexAI-Preview */ = {
			isa = XCSwiftPackageProductDependency;
			package = 5AD9BC7D2C9A39E2002A09D4 /* XCRemoteSwiftPackageReference "firebase-ios-sdk" */;
			productName = "FirebaseVertexAI-Preview";
		};
		5AAF6E082C9A471000560347 /* FirebaseRemoteConfig */ = {
			isa = XCSwiftPackageProductDependency;
			package = 5AD9BC7D2C9A39E2002A09D4 /* XCRemoteSwiftPackageReference "firebase-ios-sdk" */;
			productName = FirebaseRemoteConfig;
		};
		5AD9BC842C9A40C3002A09D4 /* FirebaseAuth */ = {
			isa = XCSwiftPackageProductDependency;
			package = 5AD9BC7D2C9A39E2002A09D4 /* XCRemoteSwiftPackageReference "firebase-ios-sdk" */;
			productName = FirebaseAuth;
		};
/* End XCSwiftPackageProductDependency section */
	};
	rootObject = 5AD65FF02C8F385200A7E0A1 /* Project object */;
}
